{"1.2.0",
[{<<"goldrush">>,{pkg,<<"goldrush">>,<<"0.1.9">>},1},
 {<<"lager">>,{pkg,<<"lager">>,<<"3.8.1">>},0},
 {<<"meck">>,{pkg,<<"meck">>,<<"0.9.0">>},0}]}.
[
{pkg_hash,[
 {<<"goldrush">>, <<"F06E5D5F1277DA5C413E84D5A2924174182FB108DABB39D5EC548B27424CD106">>},
 {<<"lager">>, <<"652EDFFBBEFFDE78F12220E1C64F6F6BFB173A8738CE73AF6ED3B1723A71C5BD">>},
 {<<"meck">>, <<"CB40C223CF403DB2D09DEF59D32D3682074EBECCEB64F3E6F6C4477458DF124D">>}]},
{pkg_hash_ext,[
 {<<"goldrush">>, <<"99CB4128CFFCB3227581E5D4D803D5413FA643F4EB96523F77D9E6937D994CEB">>},
 {<<"lager">>, <<"F8945D2CBAAB3560C2373F0808EB6262E7CFF1BD2EC550FD7DB38716180B7465">>},
 {<<"meck">>, <<"F813E90DD0B89B2516A0201A355E84B1ABC78B5751AA0CBF669A9D85A810AC63">>}]}
].
